
Microsoft Visual Studio Solution File, Format Version 12.00
# Visual Studio 15
VisualStudioVersion = 15.0.26124.0
MinimumVisualStudioVersion = 15.0.26124.0
Project("{FAE04EC0-301F-11D3-BF4B-00C04F79EFBC}") = "Api1", "Api1\Api1.csproj", "{ACE5AD64-F097-4C44-9F8D-8390006F5197}"
EndProject
Project("{FAE04EC0-301F-11D3-BF4B-00C04F79EFBC}") = "Api2", "Api2\Api2.csproj", "{B26D541A-EDB7-4DDE-B5CA-FB64A7D4BC5A}"
EndProject
Global
	GlobalSection(SolutionConfigurationPlatforms) = preSolution
		Debug|Any CPU = Debug|Any CPU
		Debug|x64 = Debug|x64
		Debug|x86 = Debug|x86
		Release|Any CPU = Release|Any CPU
		Release|x64 = Release|x64
		Release|x86 = Release|x86
	EndGlobalSection
	GlobalSection(SolutionProperties) = preSolution
		HideSolutionNode = FALSE
	EndGlobalSection
	GlobalSection(ProjectConfigurationPlatforms) = postSolution
		{ACE5AD64-F097-4C44-9F8D-8390006F5197}.Debug|Any CPU.ActiveCfg = Debug|Any CPU
		{ACE5AD64-F097-4C44-9F8D-8390006F5197}.Debug|Any CPU.Build.0 = Debug|Any CPU
		{ACE5AD64-F097-4C44-9F8D-8390006F5197}.Debug|x64.ActiveCfg = Debug|Any CPU
		{ACE5AD64-F097-4C44-9F8D-8390006F5197}.Debug|x64.Build.0 = Debug|Any CPU
		{ACE5AD64-F097-4C44-9F8D-8390006F5197}.Debug|x86.ActiveCfg = Debug|Any CPU
		{ACE5AD64-F097-4C44-9F8D-8390006F5197}.Debug|x86.Build.0 = Debug|Any CPU
		{ACE5AD64-F097-4C44-9F8D-8390006F5197}.Release|Any CPU.ActiveCfg = Release|Any CPU
		{ACE5AD64-F097-4C44-9F8D-8390006F5197}.Release|Any CPU.Build.0 = Release|Any CPU
		{ACE5AD64-F097-4C44-9F8D-8390006F5197}.Release|x64.ActiveCfg = Release|Any CPU
		{ACE5AD64-F097-4C44-9F8D-8390006F5197}.Release|x64.Build.0 = Release|Any CPU
		{ACE5AD64-F097-4C44-9F8D-8390006F5197}.Release|x86.ActiveCfg = Release|Any CPU
		{ACE5AD64-F097-4C44-9F8D-8390006F5197}.Release|x86.Build.0 = Release|Any CPU
		{B26D541A-EDB7-4DDE-B5CA-FB64A7D4BC5A}.Debug|Any CPU.ActiveCfg = Debug|Any CPU
		{B26D541A-EDB7-4DDE-B5CA-FB64A7D4BC5A}.Debug|Any CPU.Build.0 = Debug|Any CPU
		{B26D541A-EDB7-4DDE-B5CA-FB64A7D4BC5A}.Debug|x64.ActiveCfg = Debug|Any CPU
		{B26D541A-EDB7-4DDE-B5CA-FB64A7D4BC5A}.Debug|x64.Build.0 = Debug|Any CPU
		{B26D541A-EDB7-4DDE-B5CA-FB64A7D4BC5A}.Debug|x86.ActiveCfg = Debug|Any CPU
		{B26D541A-EDB7-4DDE-B5CA-FB64A7D4BC5A}.Debug|x86.Build.0 = Debug|Any CPU
		{B26D541A-EDB7-4DDE-B5CA-FB64A7D4BC5A}.Release|Any CPU.ActiveCfg = Release|Any CPU
		{B26D541A-EDB7-4DDE-B5CA-FB64A7D4BC5A}.Release|Any CPU.Build.0 = Release|Any CPU
		{B26D541A-EDB7-4DDE-B5CA-FB64A7D4BC5A}.Release|x64.ActiveCfg = Release|Any CPU
		{B26D541A-EDB7-4DDE-B5CA-FB64A7D4BC5A}.Release|x64.Build.0 = Release|Any CPU
		{B26D541A-EDB7-4DDE-B5CA-FB64A7D4BC5A}.Release|x86.ActiveCfg = Release|Any CPU
		{B26D541A-EDB7-4DDE-B5CA-FB64A7D4BC5A}.Release|x86.Build.0 = Release|Any CPU
	EndGlobalSection
EndGlobal
